
Microsoft Visual Studio Solution File, Format Version 12.00
Project("{FAE04EC0-301F-11D3-BF4B-00C04F79EFBC}") = "MinimalAPIsMovies", "MinimalAPIsMovies\MinimalAPIsMovies.csproj", "{A62C6978-E223-4C97-9F55-15A507012A62}"
EndProject
Global
	GlobalSection(SolutionConfigurationPlatforms) = preSolution
		Debug|Any CPU = Debug|Any CPU
		Release|Any CPU = Release|Any CPU
	EndGlobalSection
	GlobalSection(ProjectConfigurationPlatforms) = postSolution
		{A62C6978-E223-4C97-9F55-15A507012A62}.Debug|Any CPU.ActiveCfg = Debug|Any CPU
		{A62C6978-E223-4C97-9F55-15A507012A62}.Debug|Any CPU.Build.0 = Debug|Any CPU
		{A62C6978-E223-4C97-9F55-15A507012A62}.Release|Any CPU.ActiveCfg = Release|Any CPU
		{A62C6978-E223-4C97-9F55-15A507012A62}.Release|Any CPU.Build.0 = Release|Any CPU
	EndGlobalSection
EndGlobal
